
Microsoft Visual Studio Solution File, Format Version 12.00
# Visual Studio Version 16
VisualStudioVersion = 16.0.31205.134
MinimumVisualStudioVersion = 10.0.40219.1
Project("{2150E333-8FDC-42A3-9474-1A3956D46DE8}") = "0.Presentation", "0.Presentation", "{941A12D9-3BC3-44D3-A388-D5ABFFC76F8D}"
EndProject
Project("{2150E333-8FDC-42A3-9474-1A3956D46DE8}") = "1.DistributedServices", "1.DistributedServices", "{7277A5CB-1B3F-4F40-B171-1B5F5B14800A}"
EndProject
Project("{2150E333-8FDC-42A3-9474-1A3956D46DE8}") = "2.ServiceLibrary", "2.ServiceLibrary", "{D076BD47-185A-400D-8053-8A51B81D8257}"
EndProject
Project("{2150E333-8FDC-42A3-9474-1A3956D46DE8}") = "3.Domain", "3.Domain", "{07A6A631-E0B0-4840-8E06-1106EB3E644A}"
EndProject
Project("{2150E333-8FDC-42A3-9474-1A3956D46DE8}") = "4.Infraestructure", "4.Infraestructure", "{11450E3C-C6E5-4C93-B9B7-291CE575E282}"
EndProject
Project("{FAE04EC0-301F-11D3-BF4B-00C04F79EFBC}") = "PasswordKata.Core", "PasswordKata.Core\PasswordKata.Core.csproj", "{B4D6F634-AABF-46C5-A84D-6226DE4A04AC}"
EndProject
Project("{FAE04EC0-301F-11D3-BF4B-00C04F79EFBC}") = "PasswordKata.ServiceLibrary", "PasswordKata.ServiceLibrary\PasswordKata.ServiceLibrary.csproj", "{A601B527-5DEA-4ED7-8498-A547D58F104D}"
EndProject
Project("{FAE04EC0-301F-11D3-BF4B-00C04F79EFBC}") = "PasswordKata.Infra", "PasswordKata.Infra\PasswordKata.Infra.csproj", "{B910B4DA-878E-41F7-8FEE-832FDE02250E}"
EndProject
Project("{FAE04EC0-301F-11D3-BF4B-00C04F79EFBC}") = "PasswordKata.ServiceWCF", "WcfService1\PasswordKata.ServiceWCF.csproj", "{B7A5859E-0A31-4103-8940-FDF367D6B8FC}"
EndProject
Global
	GlobalSection(SolutionConfigurationPlatforms) = preSolution
		Debug|Any CPU = Debug|Any CPU
		Release|Any CPU = Release|Any CPU
	EndGlobalSection
	GlobalSection(ProjectConfigurationPlatforms) = postSolution
		{B4D6F634-AABF-46C5-A84D-6226DE4A04AC}.Debug|Any CPU.ActiveCfg = Debug|Any CPU
		{B4D6F634-AABF-46C5-A84D-6226DE4A04AC}.Debug|Any CPU.Build.0 = Debug|Any CPU
		{B4D6F634-AABF-46C5-A84D-6226DE4A04AC}.Release|Any CPU.ActiveCfg = Release|Any CPU
		{B4D6F634-AABF-46C5-A84D-6226DE4A04AC}.Release|Any CPU.Build.0 = Release|Any CPU
		{A601B527-5DEA-4ED7-8498-A547D58F104D}.Debug|Any CPU.ActiveCfg = Debug|Any CPU
		{A601B527-5DEA-4ED7-8498-A547D58F104D}.Debug|Any CPU.Build.0 = Debug|Any CPU
		{A601B527-5DEA-4ED7-8498-A547D58F104D}.Release|Any CPU.ActiveCfg = Release|Any CPU
		{A601B527-5DEA-4ED7-8498-A547D58F104D}.Release|Any CPU.Build.0 = Release|Any CPU
		{B910B4DA-878E-41F7-8FEE-832FDE02250E}.Debug|Any CPU.ActiveCfg = Debug|Any CPU
		{B910B4DA-878E-41F7-8FEE-832FDE02250E}.Debug|Any CPU.Build.0 = Debug|Any CPU
		{B910B4DA-878E-41F7-8FEE-832FDE02250E}.Release|Any CPU.ActiveCfg = Release|Any CPU
		{B910B4DA-878E-41F7-8FEE-832FDE02250E}.Release|Any CPU.Build.0 = Release|Any CPU
		{B7A5859E-0A31-4103-8940-FDF367D6B8FC}.Debug|Any CPU.ActiveCfg = Debug|Any CPU
		{B7A5859E-0A31-4103-8940-FDF367D6B8FC}.Debug|Any CPU.Build.0 = Debug|Any CPU
		{B7A5859E-0A31-4103-8940-FDF367D6B8FC}.Release|Any CPU.ActiveCfg = Release|Any CPU
		{B7A5859E-0A31-4103-8940-FDF367D6B8FC}.Release|Any CPU.Build.0 = Release|Any CPU
	EndGlobalSection
	GlobalSection(SolutionProperties) = preSolution
		HideSolutionNode = FALSE
	EndGlobalSection
	GlobalSection(NestedProjects) = preSolution
		{B4D6F634-AABF-46C5-A84D-6226DE4A04AC} = {07A6A631-E0B0-4840-8E06-1106EB3E644A}
		{A601B527-5DEA-4ED7-8498-A547D58F104D} = {D076BD47-185A-400D-8053-8A51B81D8257}
		{B910B4DA-878E-41F7-8FEE-832FDE02250E} = {11450E3C-C6E5-4C93-B9B7-291CE575E282}
		{B7A5859E-0A31-4103-8940-FDF367D6B8FC} = {7277A5CB-1B3F-4F40-B171-1B5F5B14800A}
	EndGlobalSection
	GlobalSection(ExtensibilityGlobals) = postSolution
		SolutionGuid = {1A5BE825-4688-4A99-9C2D-E7BEF662630C}
	EndGlobalSection
EndGlobal
