
Microsoft Visual Studio Solution File, Format Version 12.00
# Visual Studio Version 16
VisualStudioVersion = 16.0.31205.134
MinimumVisualStudioVersion = 10.0.40219.1
Project("{E24C65DC-7377-472B-9ABA-BC803B73C61A}") = "PasswordKata.WCFService", "PasswordKata.WCFService\", "{0201A8A5-9CAD-4B03-A839-AF52758B5B91}"
	ProjectSection(WebsiteProperties) = preProject
		TargetFrameworkMoniker = ".NETFramework,Version%3Dv4.7.2"
		Debug.AspNetCompiler.VirtualPath = "/localhost_51781"
		Debug.AspNetCompiler.PhysicalPath = "PasswordKata.WCFService\"
		Debug.AspNetCompiler.TargetPath = "PrecompiledWeb\localhost_51781\"
		Debug.AspNetCompiler.Updateable = "true"
		Debug.AspNetCompiler.ForceOverwrite = "true"
		Debug.AspNetCompiler.FixedNames = "false"
		Debug.AspNetCompiler.Debug = "True"
		Release.AspNetCompiler.VirtualPath = "/localhost_51781"
		Release.AspNetCompiler.PhysicalPath = "PasswordKata.WCFService\"
		Release.AspNetCompiler.TargetPath = "PrecompiledWeb\localhost_51781\"
		Release.AspNetCompiler.Updateable = "true"
		Release.AspNetCompiler.ForceOverwrite = "true"
		Release.AspNetCompiler.FixedNames = "false"
		Release.AspNetCompiler.Debug = "False"
		VWDPort = "51781"
		SlnRelativePath = "PasswordKata.WCFService\"
		DefaultWebSiteLanguage = "Visual C#"
	EndProjectSection
EndProject
Project("{2150E333-8FDC-42A3-9474-1A3956D46DE8}") = "0.Presentation", "0.Presentation", "{941A12D9-3BC3-44D3-A388-D5ABFFC76F8D}"
EndProject
Project("{2150E333-8FDC-42A3-9474-1A3956D46DE8}") = "1.DistributedServices", "1.DistributedServices", "{7277A5CB-1B3F-4F40-B171-1B5F5B14800A}"
EndProject
Project("{2150E333-8FDC-42A3-9474-1A3956D46DE8}") = "2.ServiceLibrary", "2.ServiceLibrary", "{D076BD47-185A-400D-8053-8A51B81D8257}"
EndProject
Project("{2150E333-8FDC-42A3-9474-1A3956D46DE8}") = "3.Domain", "3.Domain", "{07A6A631-E0B0-4840-8E06-1106EB3E644A}"
EndProject
Project("{2150E333-8FDC-42A3-9474-1A3956D46DE8}") = "4.Infraestructure", "4.Infraestructure", "{11450E3C-C6E5-4C93-B9B7-291CE575E282}"
EndProject
Global
	GlobalSection(SolutionConfigurationPlatforms) = preSolution
		Debug|Any CPU = Debug|Any CPU
	EndGlobalSection
	GlobalSection(ProjectConfigurationPlatforms) = postSolution
		{0201A8A5-9CAD-4B03-A839-AF52758B5B91}.Debug|Any CPU.ActiveCfg = Debug|Any CPU
		{0201A8A5-9CAD-4B03-A839-AF52758B5B91}.Debug|Any CPU.Build.0 = Debug|Any CPU
	EndGlobalSection
	GlobalSection(SolutionProperties) = preSolution
		HideSolutionNode = FALSE
	EndGlobalSection
	GlobalSection(NestedProjects) = preSolution
		{0201A8A5-9CAD-4B03-A839-AF52758B5B91} = {7277A5CB-1B3F-4F40-B171-1B5F5B14800A}
	EndGlobalSection
	GlobalSection(ExtensibilityGlobals) = postSolution
		SolutionGuid = {1A5BE825-4688-4A99-9C2D-E7BEF662630C}
	EndGlobalSection
EndGlobal
