
Microsoft Visual Studio Solution File, Format Version 12.00
# Visual Studio Version 16
VisualStudioVersion = 16.0.31624.102
MinimumVisualStudioVersion = 10.0.40219.1
Project("{FAE04EC0-301F-11D3-BF4B-00C04F79EFBC}") = "Password-Kata", "Password-Kata\Password-Kata.csproj", "{742ABE37-F87F-4AEA-BA1B-08FE2361BBD0}"
EndProject
Project("{FAE04EC0-301F-11D3-BF4B-00C04F79EFBC}") = "Password-Kata-Test", "Password-Kata-Test\Password-Kata-Test.csproj", "{0FA95AC5-E9A1-44BB-B8E1-F0928A1838C6}"
EndProject
Project("{FAE04EC0-301F-11D3-BF4B-00C04F79EFBC}") = "Password-Kata-Core", "Password-Kata-Core\Password-Kata-Core.csproj", "{559ABF76-501E-426C-A65F-DEA558BCB2EB}"
EndProject
Project("{FAE04EC0-301F-11D3-BF4B-00C04F79EFBC}") = "Password-Kata-Infra", "Password-Kata-Infra\Password-Kata-Infra.csproj", "{117ACBAD-118A-4626-890F-2D1EB4E0068D}"
EndProject
Project("{FAE04EC0-301F-11D3-BF4B-00C04F79EFBC}") = "Password-Kata-ServiceLibrary", "Password-Kata-ServiceLibrary\Password-Kata-ServiceLibrary.csproj", "{5821388D-2791-4AD9-AEB3-A79DB580B9D1}"
EndProject
Global
	GlobalSection(SolutionConfigurationPlatforms) = preSolution
		Debug|Any CPU = Debug|Any CPU
		Release|Any CPU = Release|Any CPU
	EndGlobalSection
	GlobalSection(ProjectConfigurationPlatforms) = postSolution
		{742ABE37-F87F-4AEA-BA1B-08FE2361BBD0}.Debug|Any CPU.ActiveCfg = Debug|Any CPU
		{742ABE37-F87F-4AEA-BA1B-08FE2361BBD0}.Debug|Any CPU.Build.0 = Debug|Any CPU
		{742ABE37-F87F-4AEA-BA1B-08FE2361BBD0}.Release|Any CPU.ActiveCfg = Release|Any CPU
		{742ABE37-F87F-4AEA-BA1B-08FE2361BBD0}.Release|Any CPU.Build.0 = Release|Any CPU
		{0FA95AC5-E9A1-44BB-B8E1-F0928A1838C6}.Debug|Any CPU.ActiveCfg = Debug|Any CPU
		{0FA95AC5-E9A1-44BB-B8E1-F0928A1838C6}.Debug|Any CPU.Build.0 = Debug|Any CPU
		{0FA95AC5-E9A1-44BB-B8E1-F0928A1838C6}.Release|Any CPU.ActiveCfg = Release|Any CPU
		{0FA95AC5-E9A1-44BB-B8E1-F0928A1838C6}.Release|Any CPU.Build.0 = Release|Any CPU
		{559ABF76-501E-426C-A65F-DEA558BCB2EB}.Debug|Any CPU.ActiveCfg = Debug|Any CPU
		{559ABF76-501E-426C-A65F-DEA558BCB2EB}.Debug|Any CPU.Build.0 = Debug|Any CPU
		{559ABF76-501E-426C-A65F-DEA558BCB2EB}.Release|Any CPU.ActiveCfg = Release|Any CPU
		{559ABF76-501E-426C-A65F-DEA558BCB2EB}.Release|Any CPU.Build.0 = Release|Any CPU
		{117ACBAD-118A-4626-890F-2D1EB4E0068D}.Debug|Any CPU.ActiveCfg = Debug|Any CPU
		{117ACBAD-118A-4626-890F-2D1EB4E0068D}.Debug|Any CPU.Build.0 = Debug|Any CPU
		{117ACBAD-118A-4626-890F-2D1EB4E0068D}.Release|Any CPU.ActiveCfg = Release|Any CPU
		{117ACBAD-118A-4626-890F-2D1EB4E0068D}.Release|Any CPU.Build.0 = Release|Any CPU
		{5821388D-2791-4AD9-AEB3-A79DB580B9D1}.Debug|Any CPU.ActiveCfg = Debug|Any CPU
		{5821388D-2791-4AD9-AEB3-A79DB580B9D1}.Debug|Any CPU.Build.0 = Debug|Any CPU
		{5821388D-2791-4AD9-AEB3-A79DB580B9D1}.Release|Any CPU.ActiveCfg = Release|Any CPU
		{5821388D-2791-4AD9-AEB3-A79DB580B9D1}.Release|Any CPU.Build.0 = Release|Any CPU
	EndGlobalSection
	GlobalSection(SolutionProperties) = preSolution
		HideSolutionNode = FALSE
	EndGlobalSection
	GlobalSection(ExtensibilityGlobals) = postSolution
		SolutionGuid = {FE5A901D-58C0-476C-BBFC-191F25473F7C}
	EndGlobalSection
EndGlobal
