
Microsoft Visual Studio Solution File, Format Version 12.00
# Visual Studio Version 16
VisualStudioVersion = 16.0.31624.102
MinimumVisualStudioVersion = 10.0.40219.1
Project("{FAE04EC0-301F-11D3-BF4B-00C04F79EFBC}") = "PaswordKata.Core", "PaswordKata.Core\PaswordKata.Core.csproj", "{2D277EE1-E17B-499F-B5E9-7F148DC376C0}"
EndProject
Project("{FAE04EC0-301F-11D3-BF4B-00C04F79EFBC}") = "Passwordkata.Infrastructure", "Passwordkata.Infrastructure\Passwordkata.Infrastructure.csproj", "{8349B32F-FBA7-417E-A3F7-04ADCA14799B}"
EndProject
Project("{FAE04EC0-301F-11D3-BF4B-00C04F79EFBC}") = "PasswordKataWCFService", "PasswordKataWCFService\PasswordKataWCFService.csproj", "{499856D4-FE8B-48AF-BD41-88FE1F16121D}"
EndProject
Project("{FAE04EC0-301F-11D3-BF4B-00C04F79EFBC}") = "PaswordKata.Infrastructure.Test", "PaswordKata.Infrastructure.Test\PaswordKata.Infrastructure.Test.csproj", "{34A78C6D-8179-4D15-8763-AA34EE92885A}"
EndProject
Global
	GlobalSection(SolutionConfigurationPlatforms) = preSolution
		Debug|Any CPU = Debug|Any CPU
		Release|Any CPU = Release|Any CPU
	EndGlobalSection
	GlobalSection(ProjectConfigurationPlatforms) = postSolution
		{2D277EE1-E17B-499F-B5E9-7F148DC376C0}.Debug|Any CPU.ActiveCfg = Debug|Any CPU
		{2D277EE1-E17B-499F-B5E9-7F148DC376C0}.Debug|Any CPU.Build.0 = Debug|Any CPU
		{2D277EE1-E17B-499F-B5E9-7F148DC376C0}.Release|Any CPU.ActiveCfg = Release|Any CPU
		{2D277EE1-E17B-499F-B5E9-7F148DC376C0}.Release|Any CPU.Build.0 = Release|Any CPU
		{8349B32F-FBA7-417E-A3F7-04ADCA14799B}.Debug|Any CPU.ActiveCfg = Debug|Any CPU
		{8349B32F-FBA7-417E-A3F7-04ADCA14799B}.Debug|Any CPU.Build.0 = Debug|Any CPU
		{8349B32F-FBA7-417E-A3F7-04ADCA14799B}.Release|Any CPU.ActiveCfg = Release|Any CPU
		{8349B32F-FBA7-417E-A3F7-04ADCA14799B}.Release|Any CPU.Build.0 = Release|Any CPU
		{499856D4-FE8B-48AF-BD41-88FE1F16121D}.Debug|Any CPU.ActiveCfg = Debug|Any CPU
		{499856D4-FE8B-48AF-BD41-88FE1F16121D}.Debug|Any CPU.Build.0 = Debug|Any CPU
		{499856D4-FE8B-48AF-BD41-88FE1F16121D}.Release|Any CPU.ActiveCfg = Release|Any CPU
		{499856D4-FE8B-48AF-BD41-88FE1F16121D}.Release|Any CPU.Build.0 = Release|Any CPU
		{34A78C6D-8179-4D15-8763-AA34EE92885A}.Debug|Any CPU.ActiveCfg = Debug|Any CPU
		{34A78C6D-8179-4D15-8763-AA34EE92885A}.Debug|Any CPU.Build.0 = Debug|Any CPU
		{34A78C6D-8179-4D15-8763-AA34EE92885A}.Release|Any CPU.ActiveCfg = Release|Any CPU
		{34A78C6D-8179-4D15-8763-AA34EE92885A}.Release|Any CPU.Build.0 = Release|Any CPU
	EndGlobalSection
	GlobalSection(SolutionProperties) = preSolution
		HideSolutionNode = FALSE
	EndGlobalSection
	GlobalSection(ExtensibilityGlobals) = postSolution
		SolutionGuid = {7B018420-F709-4147-9984-5252BABB3E2E}
	EndGlobalSection
EndGlobal
