
Microsoft Visual Studio Solution File, Format Version 12.00
# Visual Studio Version 16
VisualStudioVersion = 16.0.31624.102
MinimumVisualStudioVersion = 10.0.40219.1
Project("{FAE04EC0-301F-11D3-BF4B-00C04F79EFBC}") = "PasswordKataWCFService", "PasswordKataWCFService\PasswordKataWCFService.csproj", "{499856D4-FE8B-48AF-BD41-88FE1F16121D}"
EndProject
Project("{FAE04EC0-301F-11D3-BF4B-00C04F79EFBC}") = "PasswordKata.InfraStructure", "PasswordKata.InfraStructure\PasswordKata.InfraStructure.csproj", "{F98B8435-E968-4066-8936-3132D475AD66}"
EndProject
Project("{FAE04EC0-301F-11D3-BF4B-00C04F79EFBC}") = "PasswordKata.Core", "PasswordKata.Core\PasswordKata.Core.csproj", "{6B8A4E69-1FFC-4154-B064-BF1A1603D251}"
EndProject
Project("{FAE04EC0-301F-11D3-BF4B-00C04F79EFBC}") = "PassworKata.ServiceLIbrary", "PassworKata.ServiceLIbrary\PassworKata.ServiceLIbrary.csproj", "{2FAA613A-CE30-4534-B9B5-BA04AC98898F}"
EndProject
Project("{FAE04EC0-301F-11D3-BF4B-00C04F79EFBC}") = "PaswordKata.Infrastructure.Test", "PaswordKata.Infrastructure.Test\PaswordKata.Infrastructure.Test.csproj", "{A017B374-7E6B-4107-B1A4-F7CF6F380ED6}"
EndProject
Global
	GlobalSection(SolutionConfigurationPlatforms) = preSolution
		Debug|Any CPU = Debug|Any CPU
		Release|Any CPU = Release|Any CPU
	EndGlobalSection
	GlobalSection(ProjectConfigurationPlatforms) = postSolution
		{499856D4-FE8B-48AF-BD41-88FE1F16121D}.Debug|Any CPU.ActiveCfg = Debug|Any CPU
		{499856D4-FE8B-48AF-BD41-88FE1F16121D}.Debug|Any CPU.Build.0 = Debug|Any CPU
		{499856D4-FE8B-48AF-BD41-88FE1F16121D}.Release|Any CPU.ActiveCfg = Release|Any CPU
		{499856D4-FE8B-48AF-BD41-88FE1F16121D}.Release|Any CPU.Build.0 = Release|Any CPU
		{F98B8435-E968-4066-8936-3132D475AD66}.Debug|Any CPU.ActiveCfg = Debug|Any CPU
		{F98B8435-E968-4066-8936-3132D475AD66}.Debug|Any CPU.Build.0 = Debug|Any CPU
		{F98B8435-E968-4066-8936-3132D475AD66}.Release|Any CPU.ActiveCfg = Release|Any CPU
		{F98B8435-E968-4066-8936-3132D475AD66}.Release|Any CPU.Build.0 = Release|Any CPU
		{6B8A4E69-1FFC-4154-B064-BF1A1603D251}.Debug|Any CPU.ActiveCfg = Debug|Any CPU
		{6B8A4E69-1FFC-4154-B064-BF1A1603D251}.Debug|Any CPU.Build.0 = Debug|Any CPU
		{6B8A4E69-1FFC-4154-B064-BF1A1603D251}.Release|Any CPU.ActiveCfg = Release|Any CPU
		{6B8A4E69-1FFC-4154-B064-BF1A1603D251}.Release|Any CPU.Build.0 = Release|Any CPU
		{2FAA613A-CE30-4534-B9B5-BA04AC98898F}.Debug|Any CPU.ActiveCfg = Debug|Any CPU
		{2FAA613A-CE30-4534-B9B5-BA04AC98898F}.Debug|Any CPU.Build.0 = Debug|Any CPU
		{2FAA613A-CE30-4534-B9B5-BA04AC98898F}.Release|Any CPU.ActiveCfg = Release|Any CPU
		{2FAA613A-CE30-4534-B9B5-BA04AC98898F}.Release|Any CPU.Build.0 = Release|Any CPU
		{A017B374-7E6B-4107-B1A4-F7CF6F380ED6}.Debug|Any CPU.ActiveCfg = Debug|Any CPU
		{A017B374-7E6B-4107-B1A4-F7CF6F380ED6}.Debug|Any CPU.Build.0 = Debug|Any CPU
		{A017B374-7E6B-4107-B1A4-F7CF6F380ED6}.Release|Any CPU.ActiveCfg = Release|Any CPU
		{A017B374-7E6B-4107-B1A4-F7CF6F380ED6}.Release|Any CPU.Build.0 = Release|Any CPU
	EndGlobalSection
	GlobalSection(SolutionProperties) = preSolution
		HideSolutionNode = FALSE
	EndGlobalSection
	GlobalSection(ExtensibilityGlobals) = postSolution
		SolutionGuid = {7B018420-F709-4147-9984-5252BABB3E2E}
	EndGlobalSection
EndGlobal
