
Microsoft Visual Studio Solution File, Format Version 12.00
# Visual Studio Version 16
VisualStudioVersion = 16.0.31624.102
MinimumVisualStudioVersion = 10.0.40219.1
Project("{FAE04EC0-301F-11D3-BF4B-00C04F79EFBC}") = "WcfPasswordService", "WcfPasswordService\WcfPasswordService.csproj", "{CD1FEB66-5068-497C-9464-E31C21B31467}"
EndProject
Project("{9A19103F-16F7-4668-BE54-9A1E7A4F7556}") = "ValidCredentialsTest", "ValidCredentialsTest\ValidCredentialsTest.csproj", "{129AEEEC-934E-4ACB-8FEF-CFA7B320AEDD}"
EndProject
Project("{FAE04EC0-301F-11D3-BF4B-00C04F79EFBC}") = "PasswordKata.Core", "PasswordKata.Core\PasswordKata.Core.csproj", "{27F2048E-6E3B-4CFC-824A-FDE212FE575E}"
EndProject
Project("{FAE04EC0-301F-11D3-BF4B-00C04F79EFBC}") = "PasswordKata.Infra", "PasswordKata.Infra\PasswordKata.Infra.csproj", "{AB3C297E-AA9B-47C4-AE80-945D95230436}"
EndProject
Project("{FAE04EC0-301F-11D3-BF4B-00C04F79EFBC}") = "PasswordKata.ServiceLibrary", "PasswordKata.ServiceLibrary\PasswordKata.ServiceLibrary.csproj", "{52D014CB-EC89-4F4F-8445-82730521BBC7}"
EndProject
Global
	GlobalSection(SolutionConfigurationPlatforms) = preSolution
		Debug|Any CPU = Debug|Any CPU
		Release|Any CPU = Release|Any CPU
	EndGlobalSection
	GlobalSection(ProjectConfigurationPlatforms) = postSolution
		{CD1FEB66-5068-497C-9464-E31C21B31467}.Debug|Any CPU.ActiveCfg = Debug|Any CPU
		{CD1FEB66-5068-497C-9464-E31C21B31467}.Debug|Any CPU.Build.0 = Debug|Any CPU
		{CD1FEB66-5068-497C-9464-E31C21B31467}.Release|Any CPU.ActiveCfg = Release|Any CPU
		{CD1FEB66-5068-497C-9464-E31C21B31467}.Release|Any CPU.Build.0 = Release|Any CPU
		{129AEEEC-934E-4ACB-8FEF-CFA7B320AEDD}.Debug|Any CPU.ActiveCfg = Debug|Any CPU
		{129AEEEC-934E-4ACB-8FEF-CFA7B320AEDD}.Debug|Any CPU.Build.0 = Debug|Any CPU
		{129AEEEC-934E-4ACB-8FEF-CFA7B320AEDD}.Release|Any CPU.ActiveCfg = Release|Any CPU
		{129AEEEC-934E-4ACB-8FEF-CFA7B320AEDD}.Release|Any CPU.Build.0 = Release|Any CPU
		{27F2048E-6E3B-4CFC-824A-FDE212FE575E}.Debug|Any CPU.ActiveCfg = Debug|Any CPU
		{27F2048E-6E3B-4CFC-824A-FDE212FE575E}.Debug|Any CPU.Build.0 = Debug|Any CPU
		{27F2048E-6E3B-4CFC-824A-FDE212FE575E}.Release|Any CPU.ActiveCfg = Release|Any CPU
		{27F2048E-6E3B-4CFC-824A-FDE212FE575E}.Release|Any CPU.Build.0 = Release|Any CPU
		{AB3C297E-AA9B-47C4-AE80-945D95230436}.Debug|Any CPU.ActiveCfg = Debug|Any CPU
		{AB3C297E-AA9B-47C4-AE80-945D95230436}.Debug|Any CPU.Build.0 = Debug|Any CPU
		{AB3C297E-AA9B-47C4-AE80-945D95230436}.Release|Any CPU.ActiveCfg = Release|Any CPU
		{AB3C297E-AA9B-47C4-AE80-945D95230436}.Release|Any CPU.Build.0 = Release|Any CPU
		{52D014CB-EC89-4F4F-8445-82730521BBC7}.Debug|Any CPU.ActiveCfg = Debug|Any CPU
		{52D014CB-EC89-4F4F-8445-82730521BBC7}.Debug|Any CPU.Build.0 = Debug|Any CPU
		{52D014CB-EC89-4F4F-8445-82730521BBC7}.Release|Any CPU.ActiveCfg = Release|Any CPU
		{52D014CB-EC89-4F4F-8445-82730521BBC7}.Release|Any CPU.Build.0 = Release|Any CPU
	EndGlobalSection
	GlobalSection(SolutionProperties) = preSolution
		HideSolutionNode = FALSE
	EndGlobalSection
	GlobalSection(ExtensibilityGlobals) = postSolution
		SolutionGuid = {9D88EE81-2345-4E48-AA64-515E86BEC5D5}
	EndGlobalSection
EndGlobal
